// !$*UTF8*$!
{
	archiveVersion = 1;
	classes = {
	};
	objectVersion = 46;
	objects = {

/* Begin PBXBuildFile section */
		371EDE745BF0D6887557975B /* Foundation.framework in Frameworks */ = {isa = PBXBuildFile; fileRef = CF9B24185C5AC4143A4FFDA6 /* Foundation.framework */; };
		C567C6159BA9CD9D0BC4E77F /* EimzoExampleApp.swift in Sources */ = {isa = PBXBuildFile; fileRef = 8E3B98EC6CE6E656AD87177D /* EimzoExampleApp.swift */; };
		D57BDE59B0767130F29C6CC8 /* ContentView.swift in Sources */ = {isa = PBXBuildFile; fileRef = 0DB15BB9E6658836267E6AB0 /* ContentView.swift */; };
		F957CDEB864D49D7B3DA83C0 /* EimzoSDK in Frameworks */ = {isa = PBXBuildFile; productRef = C9DBE584D9A8889E678CB101 /* EimzoSDK */; };
/* End PBXBuildFile section */

/* Begin PBXFileReference section */
		0DB15BB9E6658836267E6AB0 /* ContentView.swift */ = {isa = PBXFileReference; includeInIndex = 1; lastKnownFileType = sourcecode.swift; name = ContentView.swift; path = EimzoExample/ContentView.swift; sourceTree = "<group>"; };
		5F9524A5D2F72579301EA3E9 /* EimzoExample.app */ = {isa = PBXFileReference; explicitFileType = wrapper.application; includeInIndex = 0; path = EimzoExample.app; sourceTree = BUILT_PRODUCTS_DIR; };
		8CA5BE31B36E0D88DD393AF6 /* Info.plist */ = {isa = PBXFileReference; includeInIndex = 1; lastKnownFileType = text.plist.xml; name = Info.plist; path = EimzoExample/Info.plist; sourceTree = "<group>"; };
		8E3B98EC6CE6E656AD87177D /* EimzoExampleApp.swift */ = {isa = PBXFileReference; includeInIndex = 1; lastKnownFileType = sourcecode.swift; name = EimzoExampleApp.swift; path = EimzoExample/EimzoExampleApp.swift; sourceTree = "<group>"; };
		A71FA4A2AB2DFE66750E4FDB /* EimzoExample.entitlements */ = {isa = PBXFileReference; includeInIndex = 1; lastKnownFileType = text.plist.entitlements; name = EimzoExample.entitlements; path = EimzoExample/EimzoExample.entitlements; sourceTree = "<group>"; };
		CF9B24185C5AC4143A4FFDA6 /* Foundation.framework */ = {isa = PBXFileReference; lastKnownFileType = wrapper.framework; name = Foundation.framework; path = Platforms/iPhoneOS.platform/Developer/SDKs/iPhoneOS14.0.sdk/System/Library/Frameworks/Foundation.framework; sourceTree = DEVELOPER_DIR; };
/* End PBXFileReference section */

/* Begin PBXFrameworksBuildPhase section */
		859C5108ABC4BDD38308DC98 /* Frameworks */ = {
			isa = PBXFrameworksBuildPhase;
			buildActionMask = 2147483647;
			files = (
				371EDE745BF0D6887557975B /* Foundation.framework in Frameworks */,
				F957CDEB864D49D7B3DA83C0 /* EimzoSDK in Frameworks */,
			);
			runOnlyForDeploymentPostprocessing = 0;
		};
/* End PBXFrameworksBuildPhase section */

/* Begin PBXGroup section */
		085C23EA57289F094968708C /* iOS */ = {
			isa = PBXGroup;
			children = (
				CF9B24185C5AC4143A4FFDA6 /* Foundation.framework */,
			);
			name = iOS;
			sourceTree = "<group>";
		};
		7CD7338CDFB9A2206EEE9F2B /* Products */ = {
			isa = PBXGroup;
			children = (
				5F9524A5D2F72579301EA3E9 /* EimzoExample.app */,
			);
			name = Products;
			sourceTree = "<group>";
		};
		ADC852A56CBF6D6D50E90FA0 /* EimzoExample */ = {
			isa = PBXGroup;
			children = (
				8E3B98EC6CE6E656AD87177D /* EimzoExampleApp.swift */,
				0DB15BB9E6658836267E6AB0 /* ContentView.swift */,
				8CA5BE31B36E0D88DD393AF6 /* Info.plist */,
				A71FA4A2AB2DFE66750E4FDB /* EimzoExample.entitlements */,
			);
			name = EimzoExample;
			path = EimzoExample;
			sourceTree = "<group>";
		};
		B8BEC7350BACCC4C48BFD959 = {
			isa = PBXGroup;
			children = (
				7CD7338CDFB9A2206EEE9F2B /* Products */,
				DBC431F1075B9F03B54A9ABB /* Frameworks */,
				ADC852A56CBF6D6D50E90FA0 /* EimzoExample */,
			);
			sourceTree = "<group>";
		};
		DBC431F1075B9F03B54A9ABB /* Frameworks */ = {
			isa = PBXGroup;
			children = (
				085C23EA57289F094968708C /* iOS */,
			);
			name = Frameworks;
			sourceTree = "<group>";
		};
/* End PBXGroup section */

/* Begin PBXNativeTarget section */
		80D8C43369322CAAEC0846AC /* EimzoExample */ = {
			isa = PBXNativeTarget;
			buildConfigurationList = C6D74AA791BE7341DC225F5E /* Build configuration list for PBXNativeTarget "EimzoExample" */;
			buildPhases = (
				2D78993B293300CADC60F693 /* Sources */,
				859C5108ABC4BDD38308DC98 /* Frameworks */,
				4E5A208585DF693AAB56C929 /* Resources */,
			);
			buildRules = (
			);
			dependencies = (
			);
			name = EimzoExample;
			packageProductDependencies = (
				C9DBE584D9A8889E678CB101 /* EimzoSDK */,
			);
			productName = EimzoExample;
			productReference = 5F9524A5D2F72579301EA3E9 /* EimzoExample.app */;
			productType = "com.apple.product-type.application";
		};
/* End PBXNativeTarget section */

/* Begin PBXProject section */
		FFBE45505B02210DFE48BD53 /* Project object */ = {
			isa = PBXProject;
			attributes = {
				LastSwiftUpdateCheck = 1500;
				LastUpgradeCheck = 1600;
			};
			buildConfigurationList = 9D3AB6972E90A434B0BDB470 /* Build configuration list for PBXProject "EimzoExample" */;
			compatibilityVersion = "Xcode 3.2";
			developmentRegion = en;
			hasScannedForEncodings = 0;
			knownRegions = (
				en,
				Base,
			);
			mainGroup = B8BEC7350BACCC4C48BFD959;
			packageReferences = (
				4873544C3B10A65234C83C1D /* XCRemoteSwiftPackageReference "eimzo-ios-sdk" */,
			);
			productRefGroup = 7CD7338CDFB9A2206EEE9F2B /* Products */;
			projectDirPath = "";
			projectRoot = "";
			targets = (
				80D8C43369322CAAEC0846AC /* EimzoExample */,
			);
		};
/* End PBXProject section */

/* Begin PBXResourcesBuildPhase section */
		4E5A208585DF693AAB56C929 /* Resources */ = {
			isa = PBXResourcesBuildPhase;
			buildActionMask = 2147483647;
			files = (
			);
			runOnlyForDeploymentPostprocessing = 0;
		};
/* End PBXResourcesBuildPhase section */

/* Begin PBXSourcesBuildPhase section */
		2D78993B293300CADC60F693 /* Sources */ = {
			isa = PBXSourcesBuildPhase;
			buildActionMask = 2147483647;
			files = (
				C567C6159BA9CD9D0BC4E77F /* EimzoExampleApp.swift in Sources */,
				D57BDE59B0767130F29C6CC8 /* ContentView.swift in Sources */,
			);
			runOnlyForDeploymentPostprocessing = 0;
		};
/* End PBXSourcesBuildPhase section */

/* Begin XCBuildConfiguration section */
		01FE251A7A1E9E39662949FB /* Debug */ = {
			isa = XCBuildConfiguration;
			buildSettings = {
				ASSETCATALOG_COMPILER_APPICON_NAME = AppIcon;
				ASSETCATALOG_COMPILER_GLOBAL_ACCENT_COLOR_NAME = AccentColor;
				CLANG_ENABLE_OBJC_WEAK = NO;
				CODE_SIGN_ENTITLEMENTS = EimzoExample/EimzoExample.entitlements;
				CODE_SIGN_STYLE = Automatic;
				CURRENT_PROJECT_VERSION = 1;
				DEVELOPMENT_TEAM = "";
				ENABLE_PREVIEWS = YES;
				GENERATE_INFOPLIST_FILE = NO;
				INFOPLIST_FILE = EimzoExample/Info.plist;
				IPHONEOS_DEPLOYMENT_TARGET = 16.0;
				LD_RUNPATH_SEARCH_PATHS = "$(inherited) @executable_path/Frameworks";
				MARKETING_VERSION = 1.0.0;
				PRODUCT_BUNDLE_IDENTIFIER = uz.peachdev.eimzoexample;
				PRODUCT_NAME = "$(TARGET_NAME)";
				SDKROOT = iphoneos;
				SWIFT_VERSION = 5.9;
				TARGETED_DEVICE_FAMILY = 1;
			};
			name = Debug;
		};
		150AD42F651B5C2120B3ED68 /* Debug */ = {
			isa = XCBuildConfiguration;
			buildSettings = {
				ALWAYS_SEARCH_USER_PATHS = NO;
				CLANG_ANALYZER_NONNULL = YES;
				CLANG_ANALYZER_NUMBER_OBJECT_CONVERSION = YES_AGGRESSIVE;
				CLANG_CXX_LANGUAGE_STANDARD = "gnu++14";
				CLANG_CXX_LIBRARY = "libc++";
				CLANG_ENABLE_MODULES = YES;
				CLANG_ENABLE_OBJC_ARC = YES;
				CLANG_ENABLE_OBJC_WEAK = YES;
				CLANG_WARN_BLOCK_CAPTURE_AUTORELEASING = YES;
				CLANG_WARN_BOOL_CONVERSION = YES;
				CLANG_WARN_COMMA = YES;
				CLANG_WARN_CONSTANT_CONVERSION = YES;
				CLANG_WARN_DEPRECATED_OBJC_IMPLEMENTATIONS = YES;
				CLANG_WARN_DIRECT_OBJC_ISA_USAGE = YES_ERROR;
				CLANG_WARN_DOCUMENTATION_COMMENTS = YES;
				CLANG_WARN_EMPTY_BODY = YES;
				CLANG_WARN_ENUM_CONVERSION = YES;
				CLANG_WARN_INFINITE_RECURSION = YES;
				CLANG_WARN_INT_CONVERSION = YES;
				CLANG_WARN_NON_LITERAL_NULL_CONVERSION = YES;
				CLANG_WARN_OBJC_IMPLICIT_RETAIN_SELF = YES;
				CLANG_WARN_OBJC_LITERAL_CONVERSION = YES;
				CLANG_WARN_OBJC_ROOT_CLASS = YES_ERROR;
				CLANG_WARN_QUOTED_INCLUDE_IN_FRAMEWORK_HEADER = YES;
				CLANG_WARN_RANGE_LOOP_ANALYSIS = YES;
				CLANG_WARN_STRICT_PROTOTYPES = YES;
				CLANG_WARN_SUSPICIOUS_MOVE = YES;
				CLANG_WARN_UNGUARDED_AVAILABILITY = YES_AGGRESSIVE;
				CLANG_WARN_UNREACHABLE_CODE = YES;
				CLANG_WARN__DUPLICATE_METHOD_MATCH = YES;
				COPY_PHASE_STRIP = NO;
				DEBUG_INFORMATION_FORMAT = dwarf;
				ENABLE_STRICT_OBJC_MSGSEND = YES;
				ENABLE_TESTABILITY = YES;
				GCC_C_LANGUAGE_STANDARD = gnu11;
				GCC_DYNAMIC_NO_PIC = NO;
				GCC_NO_COMMON_BLOCKS = YES;
				GCC_OPTIMIZATION_LEVEL = 0;
				GCC_PREPROCESSOR_DEFINITIONS = (
					"DEBUG=1",
					"$(inherited)",
				);
				GCC_WARN_64_TO_32_BIT_CONVERSION = YES;
				GCC_WARN_ABOUT_RETURN_TYPE = YES_ERROR;
				GCC_WARN_UNDECLARED_SELECTOR = YES;
				GCC_WARN_UNINITIALIZED_AUTOS = YES_AGGRESSIVE;
				GCC_WARN_UNUSED_FUNCTION = YES;
				GCC_WARN_UNUSED_VARIABLE = YES;
				MTL_ENABLE_DEBUG_INFO = INCLUDE_SOURCE;
				MTL_FAST_MATH = YES;
				ONLY_ACTIVE_ARCH = YES;
				PRODUCT_NAME = "$(TARGET_NAME)";
				SWIFT_ACTIVE_COMPILATION_CONDITIONS = DEBUG;
				SWIFT_OPTIMIZATION_LEVEL = "-Onone";
				SWIFT_VERSION = 5.0;
			};
			name = Debug;
		};
		65A28C62668CA27F5DCBB1FD /* Release */ = {
			isa = XCBuildConfiguration;
			buildSettings = {
				ASSETCATALOG_COMPILER_APPICON_NAME = AppIcon;
				ASSETCATALOG_COMPILER_GLOBAL_ACCENT_COLOR_NAME = AccentColor;
				CLANG_ENABLE_OBJC_WEAK = NO;
				CODE_SIGN_ENTITLEMENTS = EimzoExample/EimzoExample.entitlements;
				CODE_SIGN_STYLE = Automatic;
				CURRENT_PROJECT_VERSION = 1;
				DEVELOPMENT_TEAM = "";
				ENABLE_PREVIEWS = YES;
				GENERATE_INFOPLIST_FILE = NO;
				INFOPLIST_FILE = EimzoExample/Info.plist;
				IPHONEOS_DEPLOYMENT_TARGET = 16.0;
				LD_RUNPATH_SEARCH_PATHS = "$(inherited) @executable_path/Frameworks";
				MARKETING_VERSION = 1.0.0;
				PRODUCT_BUNDLE_IDENTIFIER = uz.peachdev.eimzoexample;
				PRODUCT_NAME = "$(TARGET_NAME)";
				SDKROOT = iphoneos;
				SWIFT_VERSION = 5.9;
				TARGETED_DEVICE_FAMILY = 1;
				VALIDATE_PRODUCT = YES;
			};
			name = Release;
		};
		B9B6E603B6B2FAAB810F44EC /* Release */ = {
			isa = XCBuildConfiguration;
			buildSettings = {
				ALWAYS_SEARCH_USER_PATHS = NO;
				CLANG_ANALYZER_NONNULL = YES;
				CLANG_ANALYZER_NUMBER_OBJECT_CONVERSION = YES_AGGRESSIVE;
				CLANG_CXX_LANGUAGE_STANDARD = "gnu++14";
				CLANG_CXX_LIBRARY = "libc++";
				CLANG_ENABLE_MODULES = YES;
				CLANG_ENABLE_OBJC_ARC = YES;
				CLANG_ENABLE_OBJC_WEAK = YES;
				CLANG_WARN_BLOCK_CAPTURE_AUTORELEASING = YES;
				CLANG_WARN_BOOL_CONVERSION = YES;
				CLANG_WARN_COMMA = YES;
				CLANG_WARN_CONSTANT_CONVERSION = YES;
				CLANG_WARN_DEPRECATED_OBJC_IMPLEMENTATIONS = YES;
				CLANG_WARN_DIRECT_OBJC_ISA_USAGE = YES_ERROR;
				CLANG_WARN_DOCUMENTATION_COMMENTS = YES;
				CLANG_WARN_EMPTY_BODY = YES;
				CLANG_WARN_ENUM_CONVERSION = YES;
				CLANG_WARN_INFINITE_RECURSION = YES;
				CLANG_WARN_INT_CONVERSION = YES;
				CLANG_WARN_NON_LITERAL_NULL_CONVERSION = YES;
				CLANG_WARN_OBJC_IMPLICIT_RETAIN_SELF = YES;
				CLANG_WARN_OBJC_LITERAL_CONVERSION = YES;
				CLANG_WARN_OBJC_ROOT_CLASS = YES_ERROR;
				CLANG_WARN_QUOTED_INCLUDE_IN_FRAMEWORK_HEADER = YES;
				CLANG_WARN_RANGE_LOOP_ANALYSIS = YES;
				CLANG_WARN_STRICT_PROTOTYPES = YES;
				CLANG_WARN_SUSPICIOUS_MOVE = YES;
				CLANG_WARN_UNGUARDED_AVAILABILITY = YES_AGGRESSIVE;
				CLANG_WARN_UNREACHABLE_CODE = YES;
				CLANG_WARN__DUPLICATE_METHOD_MATCH = YES;
				COPY_PHASE_STRIP = NO;
				DEBUG_INFORMATION_FORMAT = "dwarf-with-dsym";
				ENABLE_NS_ASSERTIONS = NO;
				ENABLE_STRICT_OBJC_MSGSEND = YES;
				GCC_C_LANGUAGE_STANDARD = gnu11;
				GCC_NO_COMMON_BLOCKS = YES;
				GCC_WARN_64_TO_32_BIT_CONVERSION = YES;
				GCC_WARN_ABOUT_RETURN_TYPE = YES_ERROR;
				GCC_WARN_UNDECLARED_SELECTOR = YES;
				GCC_WARN_UNINITIALIZED_AUTOS = YES_AGGRESSIVE;
				GCC_WARN_UNUSED_FUNCTION = YES;
				GCC_WARN_UNUSED_VARIABLE = YES;
				MTL_ENABLE_DEBUG_INFO = NO;
				MTL_FAST_MATH = YES;
				PRODUCT_NAME = "$(TARGET_NAME)";
				SWIFT_COMPILATION_MODE = wholemodule;
				SWIFT_OPTIMIZATION_LEVEL = "-O";
				SWIFT_VERSION = 5.0;
			};
			name = Release;
		};
/* End XCBuildConfiguration section */

/* Begin XCConfigurationList section */
		9D3AB6972E90A434B0BDB470 /* Build configuration list for PBXProject "EimzoExample" */ = {
			isa = XCConfigurationList;
			buildConfigurations = (
				150AD42F651B5C2120B3ED68 /* Debug */,
				B9B6E603B6B2FAAB810F44EC /* Release */,
			);
			defaultConfigurationIsVisible = 0;
			defaultConfigurationName = Release;
		};
		C6D74AA791BE7341DC225F5E /* Build configuration list for PBXNativeTarget "EimzoExample" */ = {
			isa = XCConfigurationList;
			buildConfigurations = (
				65A28C62668CA27F5DCBB1FD /* Release */,
				01FE251A7A1E9E39662949FB /* Debug */,
			);
			defaultConfigurationIsVisible = 0;
			defaultConfigurationName = Release;
		};
/* End XCConfigurationList section */

/* Begin XCRemoteSwiftPackageReference section */
		4873544C3B10A65234C83C1D /* XCRemoteSwiftPackageReference "eimzo-ios-sdk" */ = {
			isa = XCRemoteSwiftPackageReference;
			repositoryURL = "https://github.com/peachdev-uz/eimzo-ios-sdk";
			requirement = {
				kind = upToNextMajorVersion;
				minimumVersion = 1.0.0;
			};
		};
/* End XCRemoteSwiftPackageReference section */

/* Begin XCSwiftPackageProductDependency section */
		C9DBE584D9A8889E678CB101 /* EimzoSDK */ = {
			isa = XCSwiftPackageProductDependency;
			package = 4873544C3B10A65234C83C1D /* XCRemoteSwiftPackageReference "eimzo-ios-sdk" */;
			productName = EimzoSDK;
		};
/* End XCSwiftPackageProductDependency section */
	};
	rootObject = FFBE45505B02210DFE48BD53 /* Project object */;
}
